
Microsoft Visual Studio Solution File, Format Version 12.00
# Visual Studio 15
VisualStudioVersion = 15.0.26730.16
MinimumVisualStudioVersion = 10.0.40219.1
Project("{FAE04EC0-301F-11D3-BF4B-00C04F79EFBC}") = "Exercises", "Exercises\Exercises.csproj", "{2331B2B9-42EA-4C46-B960-D37649F53EC5}"
EndProject
Global
	GlobalSection(SolutionConfigurationPlatforms) = preSolution
		Debug|Any CPU = Debug|Any CPU
		Release|Any CPU = Release|Any CPU
	EndGlobalSection
	GlobalSection(ProjectConfigurationPlatforms) = postSolution
		{2331B2B9-42EA-4C46-B960-D37649F53EC5}.Debug|Any CPU.ActiveCfg = Debug|Any CPU
		{2331B2B9-42EA-4C46-B960-D37649F53EC5}.Debug|Any CPU.Build.0 = Debug|Any CPU
		{2331B2B9-42EA-4C46-B960-D37649F53EC5}.Release|Any CPU.ActiveCfg = Release|Any CPU
		{2331B2B9-42EA-4C46-B960-D37649F53EC5}.Release|Any CPU.Build.0 = Release|Any CPU
	EndGlobalSection
	GlobalSection(SolutionProperties) = preSolution
		HideSolutionNode = FALSE
	EndGlobalSection
	GlobalSection(ExtensibilityGlobals) = postSolution
		SolutionGuid = {9D4E3AC3-29C4-4BF0-BFB7-DBBDB189DE8B}
	EndGlobalSection
EndGlobal
