
Microsoft Visual Studio Solution File, Format Version 12.00
# Visual Studio 15
VisualStudioVersion = 15.0.26730.16
MinimumVisualStudioVersion = 10.0.40219.1
Project("{FAE04EC0-301F-11D3-BF4B-00C04F79EFBC}") = "AssessmentGCWeek2", "AssessmentGCWeek2\AssessmentGCWeek2.csproj", "{1333727B-8176-4569-AD36-716E72774EA3}"
EndProject
Global
	GlobalSection(SolutionConfigurationPlatforms) = preSolution
		Debug|Any CPU = Debug|Any CPU
		Release|Any CPU = Release|Any CPU
	EndGlobalSection
	GlobalSection(ProjectConfigurationPlatforms) = postSolution
		{1333727B-8176-4569-AD36-716E72774EA3}.Debug|Any CPU.ActiveCfg = Debug|Any CPU
		{1333727B-8176-4569-AD36-716E72774EA3}.Debug|Any CPU.Build.0 = Debug|Any CPU
		{1333727B-8176-4569-AD36-716E72774EA3}.Release|Any CPU.ActiveCfg = Release|Any CPU
		{1333727B-8176-4569-AD36-716E72774EA3}.Release|Any CPU.Build.0 = Release|Any CPU
	EndGlobalSection
	GlobalSection(SolutionProperties) = preSolution
		HideSolutionNode = FALSE
	EndGlobalSection
	GlobalSection(ExtensibilityGlobals) = postSolution
		SolutionGuid = {631667FC-52C1-4D7F-9AEE-FF28F289A27D}
	EndGlobalSection
EndGlobal
