
Microsoft Visual Studio Solution File, Format Version 12.00
# Visual Studio 15
VisualStudioVersion = 15.0.26730.16
MinimumVisualStudioVersion = 10.0.40219.1
Project("{FAE04EC0-301F-11D3-BF4B-00C04F79EFBC}") = "ExerciseD", "ExerciseD\ExerciseD.csproj", "{C23939C3-D4F3-4DC8-BAA7-DF314151E277}"
EndProject
Global
	GlobalSection(SolutionConfigurationPlatforms) = preSolution
		Debug|Any CPU = Debug|Any CPU
		Release|Any CPU = Release|Any CPU
	EndGlobalSection
	GlobalSection(ProjectConfigurationPlatforms) = postSolution
		{C23939C3-D4F3-4DC8-BAA7-DF314151E277}.Debug|Any CPU.ActiveCfg = Debug|Any CPU
		{C23939C3-D4F3-4DC8-BAA7-DF314151E277}.Debug|Any CPU.Build.0 = Debug|Any CPU
		{C23939C3-D4F3-4DC8-BAA7-DF314151E277}.Release|Any CPU.ActiveCfg = Release|Any CPU
		{C23939C3-D4F3-4DC8-BAA7-DF314151E277}.Release|Any CPU.Build.0 = Release|Any CPU
	EndGlobalSection
	GlobalSection(SolutionProperties) = preSolution
		HideSolutionNode = FALSE
	EndGlobalSection
	GlobalSection(ExtensibilityGlobals) = postSolution
		SolutionGuid = {CC58CF11-7CF0-4856-8170-8995A0548C45}
	EndGlobalSection
EndGlobal
