
Microsoft Visual Studio Solution File, Format Version 12.00
# Visual Studio 15
VisualStudioVersion = 15.0.26730.16
MinimumVisualStudioVersion = 10.0.40219.1
Project("{FAE04EC0-301F-11D3-BF4B-00C04F79EFBC}") = "TestDay3", "TestDay3\TestDay3.csproj", "{C4204218-F60A-4FCC-95A6-00E0173E116D}"
EndProject
Global
	GlobalSection(SolutionConfigurationPlatforms) = preSolution
		Debug|Any CPU = Debug|Any CPU
		Release|Any CPU = Release|Any CPU
	EndGlobalSection
	GlobalSection(ProjectConfigurationPlatforms) = postSolution
		{C4204218-F60A-4FCC-95A6-00E0173E116D}.Debug|Any CPU.ActiveCfg = Debug|Any CPU
		{C4204218-F60A-4FCC-95A6-00E0173E116D}.Debug|Any CPU.Build.0 = Debug|Any CPU
		{C4204218-F60A-4FCC-95A6-00E0173E116D}.Release|Any CPU.ActiveCfg = Release|Any CPU
		{C4204218-F60A-4FCC-95A6-00E0173E116D}.Release|Any CPU.Build.0 = Release|Any CPU
	EndGlobalSection
	GlobalSection(SolutionProperties) = preSolution
		HideSolutionNode = FALSE
	EndGlobalSection
	GlobalSection(ExtensibilityGlobals) = postSolution
		SolutionGuid = {E93EC4A8-B4AD-4666-9A7B-C57B2872F826}
	EndGlobalSection
EndGlobal
