
Microsoft Visual Studio Solution File, Format Version 12.00
# Visual Studio 15
VisualStudioVersion = 15.0.26730.16
MinimumVisualStudioVersion = 10.0.40219.1
Project("{FAE04EC0-301F-11D3-BF4B-00C04F79EFBC}") = "InheritenceTest", "InheritenceTest\InheritenceTest.csproj", "{4769E33A-EDD7-4E2B-A761-A5AB159EAD82}"
EndProject
Global
	GlobalSection(SolutionConfigurationPlatforms) = preSolution
		Debug|Any CPU = Debug|Any CPU
		Release|Any CPU = Release|Any CPU
	EndGlobalSection
	GlobalSection(ProjectConfigurationPlatforms) = postSolution
		{4769E33A-EDD7-4E2B-A761-A5AB159EAD82}.Debug|Any CPU.ActiveCfg = Debug|Any CPU
		{4769E33A-EDD7-4E2B-A761-A5AB159EAD82}.Debug|Any CPU.Build.0 = Debug|Any CPU
		{4769E33A-EDD7-4E2B-A761-A5AB159EAD82}.Release|Any CPU.ActiveCfg = Release|Any CPU
		{4769E33A-EDD7-4E2B-A761-A5AB159EAD82}.Release|Any CPU.Build.0 = Release|Any CPU
	EndGlobalSection
	GlobalSection(SolutionProperties) = preSolution
		HideSolutionNode = FALSE
	EndGlobalSection
	GlobalSection(ExtensibilityGlobals) = postSolution
		SolutionGuid = {4E39856F-14BB-499A-9B1C-B5DA658230B9}
	EndGlobalSection
EndGlobal
